schema: '2.0'
stages:
  preprocess:
    cmd: python src/preprocessing/clean_text.py --params params.yaml --raw-dir 
      data/raw --out-dir data/processed
    deps:
    - path: data/raw/wiki.test.raw
      hash: md5
      md5: 7c0137fc034ddbc56a296bce31b4f7fb
      size: 1290590
    - path: data/raw/wiki.train.raw
      hash: md5
      md5: fee9fa25ed4483d65f4938783fa07168
      size: 10940747
    - path: data/raw/wiki.valid.raw
      hash: md5
      md5: 4fbeb433dc75b3d1d8c57d207eececc2
      size: 1146846
    - path: src/preprocessing/clean_text.py
      hash: md5
      md5: f3c3db1dbde2334fabff9ec54faffaa3
      size: 3085
    params:
      params.yaml:
        preprocessing:
          remove_headings: true
          lowercase: true
          normalize_wikitext: true
          unicode_normalize: true
          normalize_numbers: true
    outs:
    - path: data/processed/test_texts.json
      hash: md5
      md5: fa440930cb1647e01e3a7184ab41b3d1
      size: 1271455
    - path: data/processed/train_texts.json
      hash: md5
      md5: d9cbcd31083a83eca6d35c965e85e864
      size: 10802537
    - path: data/processed/valid_texts.json
      hash: md5
      md5: 47b2098195dfba7b40fc86c7c873e782
      size: 1131602
  tokenize:
    cmd: python src/preprocessing/tokenizer.py --params params.yaml --in-dir 
      data/processed --out-dir data/processed
    deps:
    - path: data/processed/test_texts.json
      hash: md5
      md5: fa440930cb1647e01e3a7184ab41b3d1
      size: 1271455
    - path: data/processed/train_texts.json
      hash: md5
      md5: d9cbcd31083a83eca6d35c965e85e864
      size: 10802537
    - path: data/processed/valid_texts.json
      hash: md5
      md5: 47b2098195dfba7b40fc86c7c873e782
      size: 1131602
    - path: src/preprocessing/tokenizer.py
      hash: md5
      md5: 012adb5d6f42c46cfcd64a4e261aefcd
      size: 2926
    params:
      params.yaml:
        tokenizer:
          min_frequency: 3
          oov_token: <UNK>
    outs:
    - path: data/processed/test_sequences.json
      hash: md5
      md5: 7274fc2eb973a146695c844d1686a080
      size: 1005866
    - path: data/processed/tokenizer_word_index.json
      hash: md5
      md5: be09ed42eca188a7a27e37a7e6a1f6e3
      size: 614412
    - path: data/processed/train_sequences.json
      hash: md5
      md5: 8c157950151642415059feb26e429ee3
      size: 8802658
    - path: data/processed/valid_sequences.json
      hash: md5
      md5: bab7f1672916161a0ee291b18b5d2942
      size: 898742
    - path: data/processed/vocab_stats.json
      hash: md5
      md5: c7ce925455d731d0f63ad5cb6ae82457
      size: 494
  build_sequences:
    cmd: python src/preprocessing/sequences.py --params params.yaml --in-dir 
      data/processed --out-dir data/processed
    deps:
    - path: data/processed/test_sequences.json
      hash: md5
      md5: 7274fc2eb973a146695c844d1686a080
      size: 1005866
    - path: data/processed/train_sequences.json
      hash: md5
      md5: 8c157950151642415059feb26e429ee3
      size: 8802658
    - path: data/processed/valid_sequences.json
      hash: md5
      md5: bab7f1672916161a0ee291b18b5d2942
      size: 898742
    - path: src/preprocessing/sequences.py
      hash: md5
      md5: e518a5df13a5f3a0a12981e91e043345
      size: 1627
    params:
      params.yaml:
        sequences:
          sequence_length: 50
    outs:
    - path: data/processed/sequence_stats.json
      hash: md5
      md5: d7dcbddc62f154baf971014478db9806
      size: 113
    - path: data/processed/test_X.npy
      hash: md5
      md5: f0a685af471a3505a5e3086d96634a5f
      size: 39942928
    - path: data/processed/test_y.npy
      hash: md5
      md5: 7c297ddf1b9cd809e394112ae2b5b67d
      size: 798984
    - path: data/processed/train_X.npy
      hash: md5
      md5: 6b7f8370468ad69b619ec0bbb704e1a1
      size: 338802128
    - path: data/processed/train_y.npy
      hash: md5
      md5: 1900567ce542eec7839b2296ffddd67c
      size: 6776168
    - path: data/processed/valid_X.npy
      hash: md5
      md5: 89940d2b1cde5c9ff0329fa93c4ffe65
      size: 35593328
    - path: data/processed/valid_y.npy
      hash: md5
      md5: e40c05df32b9709eeea0bc9e09e3f120
      size: 711992
